
Microsoft Visual Studio Solution File, Format Version 12.00
# Visual Studio 15
VisualStudioVersion = 15.0.27004.2010
MinimumVisualStudioVersion = 10.0.40219.1
Project("{FAE04EC0-301F-11D3-BF4B-00C04F79EFBC}") = "bootstrap-ddl", "bootstrap-ddl\bootstrap-ddl.csproj", "{7C1D3680-4484-4C4B-8B86-2A84163AAE69}"
EndProject
Global
	GlobalSection(SolutionConfigurationPlatforms) = preSolution
		Debug|Any CPU = Debug|Any CPU
		Release|Any CPU = Release|Any CPU
	EndGlobalSection
	GlobalSection(ProjectConfigurationPlatforms) = postSolution
		{7C1D3680-4484-4C4B-8B86-2A84163AAE69}.Debug|Any CPU.ActiveCfg = Debug|Any CPU
		{7C1D3680-4484-4C4B-8B86-2A84163AAE69}.Debug|Any CPU.Build.0 = Debug|Any CPU
		{7C1D3680-4484-4C4B-8B86-2A84163AAE69}.Release|Any CPU.ActiveCfg = Release|Any CPU
		{7C1D3680-4484-4C4B-8B86-2A84163AAE69}.Release|Any CPU.Build.0 = Release|Any CPU
	EndGlobalSection
	GlobalSection(SolutionProperties) = preSolution
		HideSolutionNode = FALSE
	EndGlobalSection
	GlobalSection(ExtensibilityGlobals) = postSolution
		SolutionGuid = {5C5F685A-1663-439B-8D5A-6A65901EFE74}
	EndGlobalSection
EndGlobal
